{
  "name": "extract-emojis",
  "version": "1.0.0",
  "lockfileVersion": 1,
  "requires": true,
  "dependencies": {
    "emoji-datasource": {
      "version": "4.0.3",
      "resolved": "https://registry.npmjs.org/emoji-datasource/-/emoji-datasource-4.0.3.tgz",
      "integrity": "sha1-1gDnDwVoMnyyjPp79B1T88SGeQE="
    }
  }
}
